
Microsoft Visual Studio Solution File, Format Version 12.00
# Visual Studio 2012
Project("{F2A71F9B-5D33-465A-A702-920D77279786}") = "Chapter4", "Chapter4\Chapter4.fsproj", "{7F1AD7E2-45C6-4685-A5F6-6A2EC8F92769}"
EndProject
Global
	GlobalSection(SolutionConfigurationPlatforms) = preSolution
		Debug|Any CPU = Debug|Any CPU
		Release|Any CPU = Release|Any CPU
	EndGlobalSection
	GlobalSection(ProjectConfigurationPlatforms) = postSolution
		{7F1AD7E2-45C6-4685-A5F6-6A2EC8F92769}.Debug|Any CPU.ActiveCfg = Debug|Any CPU
		{7F1AD7E2-45C6-4685-A5F6-6A2EC8F92769}.Debug|Any CPU.Build.0 = Debug|Any CPU
		{7F1AD7E2-45C6-4685-A5F6-6A2EC8F92769}.Release|Any CPU.ActiveCfg = Release|Any CPU
		{7F1AD7E2-45C6-4685-A5F6-6A2EC8F92769}.Release|Any CPU.Build.0 = Release|Any CPU
	EndGlobalSection
	GlobalSection(SolutionProperties) = preSolution
		HideSolutionNode = FALSE
	EndGlobalSection
EndGlobal
